# THIS IS AN AUTOGENERATED FILE. DO NOT EDIT THIS FILE DIRECTLY.
# yarn lockfile v1
# bun ./bun.lockb --hash: ABCC73BD2864618C-89ba5f44c5742392-50A0C4C56CB9512F-aa23cae6a49efa14


bun-types@latest:
  version "0.1.5"
  resolved "https://registry.npmjs.org/bun-types/-/bun-types-0.1.5.tgz"
  integrity sha512-DbOY0FFJ/MAuYEtYwuwT/CjW5d4ErUSRfqOvS6OOz8/K0TsPdOvrpn9ybLfTuVeGg44Hra+dx3TfnXcCIWn6XQ==
